
Microsoft Visual Studio Solution File, Format Version 12.00
# Visual Studio Version 17
VisualStudioVersion = 17.9.34714.143
MinimumVisualStudioVersion = 10.0.40219.1
Project("{FAE04EC0-301F-11D3-BF4B-00C04F79EFBC}") = "Books_management_system", "Books_management_system.csproj", "{BED56FC8-0B37-4FAC-B426-4B4BC6975E86}"
EndProject
Global
	GlobalSection(SolutionConfigurationPlatforms) = preSolution
		Debug|Any CPU = Debug|Any CPU
		Release|Any CPU = Release|Any CPU
	EndGlobalSection
	GlobalSection(ProjectConfigurationPlatforms) = postSolution
		{BED56FC8-0B37-4FAC-B426-4B4BC6975E86}.Debug|Any CPU.ActiveCfg = Debug|Any CPU
		{BED56FC8-0B37-4FAC-B426-4B4BC6975E86}.Debug|Any CPU.Build.0 = Debug|Any CPU
		{BED56FC8-0B37-4FAC-B426-4B4BC6975E86}.Release|Any CPU.ActiveCfg = Release|Any CPU
		{BED56FC8-0B37-4FAC-B426-4B4BC6975E86}.Release|Any CPU.Build.0 = Release|Any CPU
	EndGlobalSection
	GlobalSection(SolutionProperties) = preSolution
		HideSolutionNode = FALSE
	EndGlobalSection
	GlobalSection(ExtensibilityGlobals) = postSolution
		SolutionGuid = {8ADD292E-4B7F-47B7-9E52-E6C8821A3C03}
	EndGlobalSection
EndGlobal
